{
  "name": "dockview",
  "version": "1.0.0",
  "lockfileVersion": 3,
  "requires": true,
  "packages": {
    "": {
      "name": "dockview",
      "version": "1.0.0",
      "license": "ISC",
      "dependencies": {
        "dockview-core": "^3.0.2",
        "requirejs": "^2.3.7"
      }
    },
    "node_modules/dockview-core": {
      "version": "3.0.2",
      "resolved": "https://registry.npmjs.org/dockview-core/-/dockview-core-3.0.2.tgz",
      "integrity": "sha512-k1nSkn2bjTVEPfdq7+6ZfFywmyM5YhE4s0e0hzaJCW15guW7kKXksVu0JU2X8qsAAoIgtHBoZS+Nz3mYmaZd+g=="
    },
    "node_modules/requirejs": {
      "version": "2.3.7",
      "resolved": "https://registry.npmjs.org/requirejs/-/requirejs-2.3.7.tgz",
      "integrity": "sha512-DouTG8T1WanGok6Qjg2SXuCMzszOo0eHeH9hDZ5Y4x8Je+9JB38HdTLT4/VA8OaUhBa0JPVHJ0pyBkM1z+pDsw==",
      "bin": {
        "r_js": "bin/r.js",
        "r.js": "bin/r.js"
      },
      "engines": {
        "node": ">=0.4.0"
      }
    }
  }
}
